
Microsoft Visual Studio Solution File, Format Version 12.00
# Visual Studio 15
VisualStudioVersion = 15.0.27703.2000
MinimumVisualStudioVersion = 10.0.40219.1
Project("{FAE04EC0-301F-11D3-BF4B-00C04F79EFBC}") = "BsuirScheduleUniversal", "BsuirScheduleUniversal\BsuirScheduleUniversal.csproj", "{3220F1C5-F329-403B-96E7-D2D152FEFD65}"
EndProject
Project("{FAE04EC0-301F-11D3-BF4B-00C04F79EFBC}") = "BsuirScheduleLib", "BsuirScheduleLib\BsuirScheduleLib.csproj", "{A96B1840-07BC-417C-ABFA-592437CB898E}"
EndProject
Project("{FAE04EC0-301F-11D3-BF4B-00C04F79EFBC}") = "Test", "Test\Test.csproj", "{089C7499-B927-49B4-96E5-6A6808A39D8C}"
EndProject
Global
	GlobalSection(SolutionConfigurationPlatforms) = preSolution
		Debug|Any CPU = Debug|Any CPU
		Debug|ARM = Debug|ARM
		Debug|x64 = Debug|x64
		Debug|x86 = Debug|x86
		Release|Any CPU = Release|Any CPU
		Release|ARM = Release|ARM
		Release|x64 = Release|x64
		Release|x86 = Release|x86
	EndGlobalSection
	GlobalSection(ProjectConfigurationPlatforms) = postSolution
		{3220F1C5-F329-403B-96E7-D2D152FEFD65}.Debug|Any CPU.ActiveCfg = Debug|x86
		{3220F1C5-F329-403B-96E7-D2D152FEFD65}.Debug|ARM.ActiveCfg = Debug|ARM
		{3220F1C5-F329-403B-96E7-D2D152FEFD65}.Debug|ARM.Build.0 = Debug|ARM
		{3220F1C5-F329-403B-96E7-D2D152FEFD65}.Debug|ARM.Deploy.0 = Debug|ARM
		{3220F1C5-F329-403B-96E7-D2D152FEFD65}.Debug|x64.ActiveCfg = Debug|x64
		{3220F1C5-F329-403B-96E7-D2D152FEFD65}.Debug|x64.Build.0 = Debug|x64
		{3220F1C5-F329-403B-96E7-D2D152FEFD65}.Debug|x64.Deploy.0 = Debug|x64
		{3220F1C5-F329-403B-96E7-D2D152FEFD65}.Debug|x86.ActiveCfg = Debug|x86
		{3220F1C5-F329-403B-96E7-D2D152FEFD65}.Debug|x86.Build.0 = Debug|x86
		{3220F1C5-F329-403B-96E7-D2D152FEFD65}.Debug|x86.Deploy.0 = Debug|x86
		{3220F1C5-F329-403B-96E7-D2D152FEFD65}.Release|Any CPU.ActiveCfg = Release|x86
		{3220F1C5-F329-403B-96E7-D2D152FEFD65}.Release|ARM.ActiveCfg = Release|ARM
		{3220F1C5-F329-403B-96E7-D2D152FEFD65}.Release|ARM.Build.0 = Release|ARM
		{3220F1C5-F329-403B-96E7-D2D152FEFD65}.Release|ARM.Deploy.0 = Release|ARM
		{3220F1C5-F329-403B-96E7-D2D152FEFD65}.Release|x64.ActiveCfg = Release|x64
		{3220F1C5-F329-403B-96E7-D2D152FEFD65}.Release|x64.Build.0 = Release|x64
		{3220F1C5-F329-403B-96E7-D2D152FEFD65}.Release|x64.Deploy.0 = Release|x64
		{3220F1C5-F329-403B-96E7-D2D152FEFD65}.Release|x86.ActiveCfg = Release|x86
		{3220F1C5-F329-403B-96E7-D2D152FEFD65}.Release|x86.Build.0 = Release|x86
		{3220F1C5-F329-403B-96E7-D2D152FEFD65}.Release|x86.Deploy.0 = Release|x86
		{A96B1840-07BC-417C-ABFA-592437CB898E}.Debug|Any CPU.ActiveCfg = Debug|Any CPU
		{A96B1840-07BC-417C-ABFA-592437CB898E}.Debug|Any CPU.Build.0 = Debug|Any CPU
		{A96B1840-07BC-417C-ABFA-592437CB898E}.Debug|ARM.ActiveCfg = Debug|ARM
		{A96B1840-07BC-417C-ABFA-592437CB898E}.Debug|ARM.Build.0 = Debug|ARM
		{A96B1840-07BC-417C-ABFA-592437CB898E}.Debug|x64.ActiveCfg = Debug|x64
		{A96B1840-07BC-417C-ABFA-592437CB898E}.Debug|x64.Build.0 = Debug|x64
		{A96B1840-07BC-417C-ABFA-592437CB898E}.Debug|x86.ActiveCfg = Debug|x86
		{A96B1840-07BC-417C-ABFA-592437CB898E}.Debug|x86.Build.0 = Debug|x86
		{A96B1840-07BC-417C-ABFA-592437CB898E}.Release|Any CPU.ActiveCfg = Release|Any CPU
		{A96B1840-07BC-417C-ABFA-592437CB898E}.Release|Any CPU.Build.0 = Release|Any CPU
		{A96B1840-07BC-417C-ABFA-592437CB898E}.Release|ARM.ActiveCfg = Release|ARM
		{A96B1840-07BC-417C-ABFA-592437CB898E}.Release|ARM.Build.0 = Release|ARM
		{A96B1840-07BC-417C-ABFA-592437CB898E}.Release|x64.ActiveCfg = Release|x64
		{A96B1840-07BC-417C-ABFA-592437CB898E}.Release|x64.Build.0 = Release|x64
		{A96B1840-07BC-417C-ABFA-592437CB898E}.Release|x86.ActiveCfg = Release|x86
		{A96B1840-07BC-417C-ABFA-592437CB898E}.Release|x86.Build.0 = Release|x86
		{089C7499-B927-49B4-96E5-6A6808A39D8C}.Debug|Any CPU.ActiveCfg = Debug|Any CPU
		{089C7499-B927-49B4-96E5-6A6808A39D8C}.Debug|Any CPU.Build.0 = Debug|Any CPU
		{089C7499-B927-49B4-96E5-6A6808A39D8C}.Debug|ARM.ActiveCfg = Debug|ARM
		{089C7499-B927-49B4-96E5-6A6808A39D8C}.Debug|ARM.Build.0 = Debug|ARM
		{089C7499-B927-49B4-96E5-6A6808A39D8C}.Debug|x64.ActiveCfg = Debug|x64
		{089C7499-B927-49B4-96E5-6A6808A39D8C}.Debug|x64.Build.0 = Debug|x64
		{089C7499-B927-49B4-96E5-6A6808A39D8C}.Debug|x86.ActiveCfg = Debug|x86
		{089C7499-B927-49B4-96E5-6A6808A39D8C}.Debug|x86.Build.0 = Debug|x86
		{089C7499-B927-49B4-96E5-6A6808A39D8C}.Release|Any CPU.ActiveCfg = Release|Any CPU
		{089C7499-B927-49B4-96E5-6A6808A39D8C}.Release|Any CPU.Build.0 = Release|Any CPU
		{089C7499-B927-49B4-96E5-6A6808A39D8C}.Release|ARM.ActiveCfg = Release|ARM
		{089C7499-B927-49B4-96E5-6A6808A39D8C}.Release|ARM.Build.0 = Release|ARM
		{089C7499-B927-49B4-96E5-6A6808A39D8C}.Release|x64.ActiveCfg = Release|x64
		{089C7499-B927-49B4-96E5-6A6808A39D8C}.Release|x64.Build.0 = Release|x64
		{089C7499-B927-49B4-96E5-6A6808A39D8C}.Release|x86.ActiveCfg = Release|x86
		{089C7499-B927-49B4-96E5-6A6808A39D8C}.Release|x86.Build.0 = Release|x86
	EndGlobalSection
	GlobalSection(SolutionProperties) = preSolution
		HideSolutionNode = FALSE
	EndGlobalSection
	GlobalSection(ExtensibilityGlobals) = postSolution
		SolutionGuid = {3028976B-A528-4183-BC0A-5CB36012814C}
	EndGlobalSection
EndGlobal
